
Microsoft Visual Studio Solution File, Format Version 12.00
# Visual Studio Express 14 for Windows Desktop
VisualStudioVersion = 14.0.25420.1
MinimumVisualStudioVersion = 10.0.40219.1
Project("{FAE04EC0-301F-11D3-BF4B-00C04F79EFBC}") = "AllLibrary", "AllLibrary\AllLibrary.csproj", "{AA51D7BE-B181-439D-BC07-976999423FF0}"
EndProject
Project("{FAE04EC0-301F-11D3-BF4B-00C04F79EFBC}") = "SMAN", "SMAN\SMAN.csproj", "{B7170047-0EFF-4863-A31E-27E4F3CA7A3C}"
EndProject
Global
	GlobalSection(SolutionConfigurationPlatforms) = preSolution
		Debug|Any CPU = Debug|Any CPU
		Release|Any CPU = Release|Any CPU
	EndGlobalSection
	GlobalSection(ProjectConfigurationPlatforms) = postSolution
		{AA51D7BE-B181-439D-BC07-976999423FF0}.Debug|Any CPU.ActiveCfg = Debug|Any CPU
		{AA51D7BE-B181-439D-BC07-976999423FF0}.Debug|Any CPU.Build.0 = Debug|Any CPU
		{AA51D7BE-B181-439D-BC07-976999423FF0}.Release|Any CPU.ActiveCfg = Release|Any CPU
		{AA51D7BE-B181-439D-BC07-976999423FF0}.Release|Any CPU.Build.0 = Release|Any CPU
		{B7170047-0EFF-4863-A31E-27E4F3CA7A3C}.Debug|Any CPU.ActiveCfg = Debug|Any CPU
		{B7170047-0EFF-4863-A31E-27E4F3CA7A3C}.Debug|Any CPU.Build.0 = Debug|Any CPU
		{B7170047-0EFF-4863-A31E-27E4F3CA7A3C}.Release|Any CPU.ActiveCfg = Release|Any CPU
		{B7170047-0EFF-4863-A31E-27E4F3CA7A3C}.Release|Any CPU.Build.0 = Release|Any CPU
	EndGlobalSection
	GlobalSection(SolutionProperties) = preSolution
		HideSolutionNode = FALSE
	EndGlobalSection
EndGlobal
